
Microsoft Visual Studio Solution File, Format Version 12.00
# Visual Studio 15
VisualStudioVersion = 15.0.28307.902
MinimumVisualStudioVersion = 10.0.40219.1
Project("{FAE04EC0-301F-11D3-BF4B-00C04F79EFBC}") = "onllineexam", "onllineexam\onllineexam.csproj", "{0941B6B8-624D-42A6-A14D-BD6EBDBC8737}"
EndProject
Global
	GlobalSection(SolutionConfigurationPlatforms) = preSolution
		Debug|Any CPU = Debug|Any CPU
		Release|Any CPU = Release|Any CPU
	EndGlobalSection
	GlobalSection(ProjectConfigurationPlatforms) = postSolution
		{0941B6B8-624D-42A6-A14D-BD6EBDBC8737}.Debug|Any CPU.ActiveCfg = Debug|Any CPU
		{0941B6B8-624D-42A6-A14D-BD6EBDBC8737}.Debug|Any CPU.Build.0 = Debug|Any CPU
		{0941B6B8-624D-42A6-A14D-BD6EBDBC8737}.Release|Any CPU.ActiveCfg = Release|Any CPU
		{0941B6B8-624D-42A6-A14D-BD6EBDBC8737}.Release|Any CPU.Build.0 = Release|Any CPU
	EndGlobalSection
	GlobalSection(SolutionProperties) = preSolution
		HideSolutionNode = FALSE
	EndGlobalSection
	GlobalSection(ExtensibilityGlobals) = postSolution
		SolutionGuid = {17194096-F4A9-4BC1-9DC6-1B3EE88EBCDF}
	EndGlobalSection
EndGlobal
